
Microsoft Visual Studio Solution File, Format Version 12.00
# Visual Studio 2013
VisualStudioVersion = 12.0.31101.0
MinimumVisualStudioVersion = 10.0.40219.1
Project("{FAE04EC0-301F-11D3-BF4B-00C04F79EFBC}") = "Ders10_IfElse", "Ders10_IfElse\Ders10_IfElse.csproj", "{2556B1E8-2643-42D4-A143-F2E9FEA2FB35}"
EndProject
Global
	GlobalSection(SolutionConfigurationPlatforms) = preSolution
		Debug|Any CPU = Debug|Any CPU
		Release|Any CPU = Release|Any CPU
	EndGlobalSection
	GlobalSection(ProjectConfigurationPlatforms) = postSolution
		{2556B1E8-2643-42D4-A143-F2E9FEA2FB35}.Debug|Any CPU.ActiveCfg = Debug|Any CPU
		{2556B1E8-2643-42D4-A143-F2E9FEA2FB35}.Debug|Any CPU.Build.0 = Debug|Any CPU
		{2556B1E8-2643-42D4-A143-F2E9FEA2FB35}.Release|Any CPU.ActiveCfg = Release|Any CPU
		{2556B1E8-2643-42D4-A143-F2E9FEA2FB35}.Release|Any CPU.Build.0 = Release|Any CPU
	EndGlobalSection
	GlobalSection(SolutionProperties) = preSolution
		HideSolutionNode = FALSE
	EndGlobalSection
EndGlobal
