
Microsoft Visual Studio Solution File, Format Version 12.00
# Visual Studio 2013
VisualStudioVersion = 12.0.31101.0
MinimumVisualStudioVersion = 10.0.40219.1
Project("{FAE04EC0-301F-11D3-BF4B-00C04F79EFBC}") = "Ders55_Koleksiyonlar_ArrayList", "Ders55_Koleksiyonlar_ArrayList\Ders55_Koleksiyonlar_ArrayList.csproj", "{6C76DFE2-992E-4C17-B9BA-3D7A626C547A}"
EndProject
Global
	GlobalSection(SolutionConfigurationPlatforms) = preSolution
		Debug|Any CPU = Debug|Any CPU
		Release|Any CPU = Release|Any CPU
	EndGlobalSection
	GlobalSection(ProjectConfigurationPlatforms) = postSolution
		{6C76DFE2-992E-4C17-B9BA-3D7A626C547A}.Debug|Any CPU.ActiveCfg = Debug|Any CPU
		{6C76DFE2-992E-4C17-B9BA-3D7A626C547A}.Debug|Any CPU.Build.0 = Debug|Any CPU
		{6C76DFE2-992E-4C17-B9BA-3D7A626C547A}.Release|Any CPU.ActiveCfg = Release|Any CPU
		{6C76DFE2-992E-4C17-B9BA-3D7A626C547A}.Release|Any CPU.Build.0 = Release|Any CPU
	EndGlobalSection
	GlobalSection(SolutionProperties) = preSolution
		HideSolutionNode = FALSE
	EndGlobalSection
EndGlobal
